
Microsoft Visual Studio Solution File, Format Version 12.00
# Visual Studio Version 17
VisualStudioVersion = 17.2.32516.85
MinimumVisualStudioVersion = 10.0.40219.1
Project("{9A19103F-16F7-4668-BE54-9A1E7A4F7556}") = "SingleLineIf", "SingleLineİf\SingleLineIf.csproj", "{539E2474-7202-4A29-B6E2-685717A2BC58}"
EndProject
Project("{9A19103F-16F7-4668-BE54-9A1E7A4F7556}") = "SwitchCase", "SwitchCase\SwitchCase.csproj", "{5E517E5E-DEBD-4390-BE9A-1E15633512A8}"
EndProject
Project("{9A19103F-16F7-4668-BE54-9A1E7A4F7556}") = "Methods", "Methods\Methods.csproj", "{500A132E-2E3A-4243-B272-F87D60BE31D5}"
EndProject
Project("{9A19103F-16F7-4668-BE54-9A1E7A4F7556}") = "ParamsKeyword", "ParamsKeyword\ParamsKeyword.csproj", "{B23592FF-450A-466E-A4A2-0CF8032770DA}"
EndProject
Project("{9A19103F-16F7-4668-BE54-9A1E7A4F7556}") = "Arrays", "Arrays\Arrays.csproj", "{02C091B1-40EF-4373-A4C8-69D8CB29093C}"
EndProject
Project("{9A19103F-16F7-4668-BE54-9A1E7A4F7556}") = "ForLoop", "ForLoop\ForLoop.csproj", "{4C579ACC-2D66-485B-B0D1-5B2B0D99DB01}"
EndProject
Project("{9A19103F-16F7-4668-BE54-9A1E7A4F7556}") = "WhileLoop", "WhileLoop\WhileLoop.csproj", "{E885D05B-A372-40B6-8DDB-B720527F30FA}"
EndProject
Project("{9A19103F-16F7-4668-BE54-9A1E7A4F7556}") = "DoWhileLoop", "DoWhileLoop\DoWhileLoop.csproj", "{79A97909-D0AE-492C-9560-6E9380CCE932}"
EndProject
Project("{9A19103F-16F7-4668-BE54-9A1E7A4F7556}") = "ForEachLoop", "ForEachLoop\ForEachLoop.csproj", "{567C1EA4-CD24-4DE4-BC54-001471444A00}"
EndProject
Project("{9A19103F-16F7-4668-BE54-9A1E7A4F7556}") = "Project-PrimeNumber", "Project-PrimeNumber\Project-PrimeNumber.csproj", "{D4B72527-6F5D-4E74-9357-04FB71AEE081}"
EndProject
Project("{9A19103F-16F7-4668-BE54-9A1E7A4F7556}") = "Project-String", "Project-String\Project-String.csproj", "{B12F7A34-06C0-4590-8489-33DB85A01F5C}"
EndProject
Project("{9A19103F-16F7-4668-BE54-9A1E7A4F7556}") = "StringMethods", "StringMethods\StringMethods.csproj", "{FEC33B7D-38F9-4255-8764-2D16B1EEE7B4}"
EndProject
Project("{9A19103F-16F7-4668-BE54-9A1E7A4F7556}") = "Classes", "Classes\Classes.csproj", "{5C1A26BC-A1D5-45EB-8FAF-30E5007F85C1}"
EndProject
Project("{9A19103F-16F7-4668-BE54-9A1E7A4F7556}") = "Project-FormApp", "Project-FormApp\Project-FormApp.csproj", "{1DD93695-0ECE-4FE7-8E39-B67190A9E5BE}"
EndProject
Project("{FAE04EC0-301F-11D3-BF4B-00C04F79EFBC}") = "Interfaces", "Interfaces\Interfaces.csproj", "{CF10C0F8-CBCD-4A0D-9B08-F24794C6400F}"
EndProject
Global
	GlobalSection(SolutionConfigurationPlatforms) = preSolution
		Debug|Any CPU = Debug|Any CPU
		Release|Any CPU = Release|Any CPU
	EndGlobalSection
	GlobalSection(ProjectConfigurationPlatforms) = postSolution
		{539E2474-7202-4A29-B6E2-685717A2BC58}.Debug|Any CPU.ActiveCfg = Debug|Any CPU
		{539E2474-7202-4A29-B6E2-685717A2BC58}.Debug|Any CPU.Build.0 = Debug|Any CPU
		{539E2474-7202-4A29-B6E2-685717A2BC58}.Release|Any CPU.ActiveCfg = Release|Any CPU
		{539E2474-7202-4A29-B6E2-685717A2BC58}.Release|Any CPU.Build.0 = Release|Any CPU
		{5E517E5E-DEBD-4390-BE9A-1E15633512A8}.Debug|Any CPU.ActiveCfg = Debug|Any CPU
		{5E517E5E-DEBD-4390-BE9A-1E15633512A8}.Debug|Any CPU.Build.0 = Debug|Any CPU
		{5E517E5E-DEBD-4390-BE9A-1E15633512A8}.Release|Any CPU.ActiveCfg = Release|Any CPU
		{5E517E5E-DEBD-4390-BE9A-1E15633512A8}.Release|Any CPU.Build.0 = Release|Any CPU
		{500A132E-2E3A-4243-B272-F87D60BE31D5}.Debug|Any CPU.ActiveCfg = Debug|Any CPU
		{500A132E-2E3A-4243-B272-F87D60BE31D5}.Debug|Any CPU.Build.0 = Debug|Any CPU
		{500A132E-2E3A-4243-B272-F87D60BE31D5}.Release|Any CPU.ActiveCfg = Release|Any CPU
		{500A132E-2E3A-4243-B272-F87D60BE31D5}.Release|Any CPU.Build.0 = Release|Any CPU
		{B23592FF-450A-466E-A4A2-0CF8032770DA}.Debug|Any CPU.ActiveCfg = Debug|Any CPU
		{B23592FF-450A-466E-A4A2-0CF8032770DA}.Debug|Any CPU.Build.0 = Debug|Any CPU
		{B23592FF-450A-466E-A4A2-0CF8032770DA}.Release|Any CPU.ActiveCfg = Release|Any CPU
		{B23592FF-450A-466E-A4A2-0CF8032770DA}.Release|Any CPU.Build.0 = Release|Any CPU
		{02C091B1-40EF-4373-A4C8-69D8CB29093C}.Debug|Any CPU.ActiveCfg = Debug|Any CPU
		{02C091B1-40EF-4373-A4C8-69D8CB29093C}.Debug|Any CPU.Build.0 = Debug|Any CPU
		{02C091B1-40EF-4373-A4C8-69D8CB29093C}.Release|Any CPU.ActiveCfg = Release|Any CPU
		{02C091B1-40EF-4373-A4C8-69D8CB29093C}.Release|Any CPU.Build.0 = Release|Any CPU
		{4C579ACC-2D66-485B-B0D1-5B2B0D99DB01}.Debug|Any CPU.ActiveCfg = Debug|Any CPU
		{4C579ACC-2D66-485B-B0D1-5B2B0D99DB01}.Debug|Any CPU.Build.0 = Debug|Any CPU
		{4C579ACC-2D66-485B-B0D1-5B2B0D99DB01}.Release|Any CPU.ActiveCfg = Release|Any CPU
		{4C579ACC-2D66-485B-B0D1-5B2B0D99DB01}.Release|Any CPU.Build.0 = Release|Any CPU
		{E885D05B-A372-40B6-8DDB-B720527F30FA}.Debug|Any CPU.ActiveCfg = Debug|Any CPU
		{E885D05B-A372-40B6-8DDB-B720527F30FA}.Debug|Any CPU.Build.0 = Debug|Any CPU
		{E885D05B-A372-40B6-8DDB-B720527F30FA}.Release|Any CPU.ActiveCfg = Release|Any CPU
		{E885D05B-A372-40B6-8DDB-B720527F30FA}.Release|Any CPU.Build.0 = Release|Any CPU
		{79A97909-D0AE-492C-9560-6E9380CCE932}.Debug|Any CPU.ActiveCfg = Debug|Any CPU
		{79A97909-D0AE-492C-9560-6E9380CCE932}.Debug|Any CPU.Build.0 = Debug|Any CPU
		{79A97909-D0AE-492C-9560-6E9380CCE932}.Release|Any CPU.ActiveCfg = Release|Any CPU
		{79A97909-D0AE-492C-9560-6E9380CCE932}.Release|Any CPU.Build.0 = Release|Any CPU
		{567C1EA4-CD24-4DE4-BC54-001471444A00}.Debug|Any CPU.ActiveCfg = Debug|Any CPU
		{567C1EA4-CD24-4DE4-BC54-001471444A00}.Debug|Any CPU.Build.0 = Debug|Any CPU
		{567C1EA4-CD24-4DE4-BC54-001471444A00}.Release|Any CPU.ActiveCfg = Release|Any CPU
		{567C1EA4-CD24-4DE4-BC54-001471444A00}.Release|Any CPU.Build.0 = Release|Any CPU
		{D4B72527-6F5D-4E74-9357-04FB71AEE081}.Debug|Any CPU.ActiveCfg = Debug|Any CPU
		{D4B72527-6F5D-4E74-9357-04FB71AEE081}.Debug|Any CPU.Build.0 = Debug|Any CPU
		{D4B72527-6F5D-4E74-9357-04FB71AEE081}.Release|Any CPU.ActiveCfg = Release|Any CPU
		{D4B72527-6F5D-4E74-9357-04FB71AEE081}.Release|Any CPU.Build.0 = Release|Any CPU
		{B12F7A34-06C0-4590-8489-33DB85A01F5C}.Debug|Any CPU.ActiveCfg = Debug|Any CPU
		{B12F7A34-06C0-4590-8489-33DB85A01F5C}.Debug|Any CPU.Build.0 = Debug|Any CPU
		{B12F7A34-06C0-4590-8489-33DB85A01F5C}.Release|Any CPU.ActiveCfg = Release|Any CPU
		{B12F7A34-06C0-4590-8489-33DB85A01F5C}.Release|Any CPU.Build.0 = Release|Any CPU
		{FEC33B7D-38F9-4255-8764-2D16B1EEE7B4}.Debug|Any CPU.ActiveCfg = Debug|Any CPU
		{FEC33B7D-38F9-4255-8764-2D16B1EEE7B4}.Debug|Any CPU.Build.0 = Debug|Any CPU
		{FEC33B7D-38F9-4255-8764-2D16B1EEE7B4}.Release|Any CPU.ActiveCfg = Release|Any CPU
		{FEC33B7D-38F9-4255-8764-2D16B1EEE7B4}.Release|Any CPU.Build.0 = Release|Any CPU
		{5C1A26BC-A1D5-45EB-8FAF-30E5007F85C1}.Debug|Any CPU.ActiveCfg = Debug|Any CPU
		{5C1A26BC-A1D5-45EB-8FAF-30E5007F85C1}.Debug|Any CPU.Build.0 = Debug|Any CPU
		{5C1A26BC-A1D5-45EB-8FAF-30E5007F85C1}.Release|Any CPU.ActiveCfg = Release|Any CPU
		{5C1A26BC-A1D5-45EB-8FAF-30E5007F85C1}.Release|Any CPU.Build.0 = Release|Any CPU
		{1DD93695-0ECE-4FE7-8E39-B67190A9E5BE}.Debug|Any CPU.ActiveCfg = Debug|Any CPU
		{1DD93695-0ECE-4FE7-8E39-B67190A9E5BE}.Debug|Any CPU.Build.0 = Debug|Any CPU
		{1DD93695-0ECE-4FE7-8E39-B67190A9E5BE}.Release|Any CPU.ActiveCfg = Release|Any CPU
		{1DD93695-0ECE-4FE7-8E39-B67190A9E5BE}.Release|Any CPU.Build.0 = Release|Any CPU
		{CF10C0F8-CBCD-4A0D-9B08-F24794C6400F}.Debug|Any CPU.ActiveCfg = Debug|Any CPU
		{CF10C0F8-CBCD-4A0D-9B08-F24794C6400F}.Debug|Any CPU.Build.0 = Debug|Any CPU
		{CF10C0F8-CBCD-4A0D-9B08-F24794C6400F}.Release|Any CPU.ActiveCfg = Release|Any CPU
		{CF10C0F8-CBCD-4A0D-9B08-F24794C6400F}.Release|Any CPU.Build.0 = Release|Any CPU
	EndGlobalSection
	GlobalSection(SolutionProperties) = preSolution
		HideSolutionNode = FALSE
	EndGlobalSection
	GlobalSection(ExtensibilityGlobals) = postSolution
		SolutionGuid = {F4FF4FEA-473F-4BB7-A367-245EAB50B419}
	EndGlobalSection
EndGlobal
