
Microsoft Visual Studio Solution File, Format Version 12.00
# Visual Studio Version 17
VisualStudioVersion = 17.2.32516.85
MinimumVisualStudioVersion = 10.0.40219.1
Project("{9A19103F-16F7-4668-BE54-9A1E7A4F7556}") = "SingleLineIf", "SingleLineİf\SingleLineIf.csproj", "{539E2474-7202-4A29-B6E2-685717A2BC58}"
EndProject
Project("{9A19103F-16F7-4668-BE54-9A1E7A4F7556}") = "SwitchCase", "SwitchCase\SwitchCase.csproj", "{5E517E5E-DEBD-4390-BE9A-1E15633512A8}"
EndProject
Project("{9A19103F-16F7-4668-BE54-9A1E7A4F7556}") = "Methods", "Methods\Methods.csproj", "{500A132E-2E3A-4243-B272-F87D60BE31D5}"
EndProject
Project("{9A19103F-16F7-4668-BE54-9A1E7A4F7556}") = "ParamsKeyword", "ParamsKeyword\ParamsKeyword.csproj", "{B23592FF-450A-466E-A4A2-0CF8032770DA}"
EndProject
Project("{9A19103F-16F7-4668-BE54-9A1E7A4F7556}") = "Arrays", "Arrays\Arrays.csproj", "{02C091B1-40EF-4373-A4C8-69D8CB29093C}"
EndProject
Project("{9A19103F-16F7-4668-BE54-9A1E7A4F7556}") = "ForLoop", "ForLoop\ForLoop.csproj", "{4C579ACC-2D66-485B-B0D1-5B2B0D99DB01}"
EndProject
Project("{9A19103F-16F7-4668-BE54-9A1E7A4F7556}") = "WhileLoop", "WhileLoop\WhileLoop.csproj", "{E885D05B-A372-40B6-8DDB-B720527F30FA}"
EndProject
Project("{9A19103F-16F7-4668-BE54-9A1E7A4F7556}") = "DoWhileLoop", "DoWhileLoop\DoWhileLoop.csproj", "{79A97909-D0AE-492C-9560-6E9380CCE932}"
EndProject
Project("{9A19103F-16F7-4668-BE54-9A1E7A4F7556}") = "ForEachLoop", "ForEachLoop\ForEachLoop.csproj", "{567C1EA4-CD24-4DE4-BC54-001471444A00}"
EndProject
Project("{9A19103F-16F7-4668-BE54-9A1E7A4F7556}") = "Project_PrimeNumber", "Project-PrimeNumber\Project_PrimeNumber.csproj", "{D4B72527-6F5D-4E74-9357-04FB71AEE081}"
EndProject
Project("{9A19103F-16F7-4668-BE54-9A1E7A4F7556}") = "Project_String", "Project-String\Project_String.csproj", "{B12F7A34-06C0-4590-8489-33DB85A01F5C}"
EndProject
Project("{9A19103F-16F7-4668-BE54-9A1E7A4F7556}") = "StringMethods", "StringMethods\StringMethods.csproj", "{FEC33B7D-38F9-4255-8764-2D16B1EEE7B4}"
EndProject
Project("{9A19103F-16F7-4668-BE54-9A1E7A4F7556}") = "Classes", "Classes\Classes.csproj", "{5C1A26BC-A1D5-45EB-8FAF-30E5007F85C1}"
EndProject
Project("{9A19103F-16F7-4668-BE54-9A1E7A4F7556}") = "Project_FormApp", "Project-FormApp\Project_FormApp.csproj", "{1DD93695-0ECE-4FE7-8E39-B67190A9E5BE}"
EndProject
Project("{9A19103F-16F7-4668-BE54-9A1E7A4F7556}") = "Interfaces", "Interfaces\Interfaces.csproj", "{CF10C0F8-CBCD-4A0D-9B08-F24794C6400F}"
EndProject
Project("{9A19103F-16F7-4668-BE54-9A1E7A4F7556}") = "InterfacesPlan", "InterfacesDemo\InterfacesPlan.csproj", "{1A5E1804-6524-4B0C-BC63-C4157120ACA2}"
EndProject
Project("{9A19103F-16F7-4668-BE54-9A1E7A4F7556}") = "Inheritance", "Inheritance\Inheritance.csproj", "{D7DCD13C-A2ED-43DC-8207-9AD799DEC407}"
EndProject
Project("{9A19103F-16F7-4668-BE54-9A1E7A4F7556}") = "VirtualMethods", "VirtualMethods\VirtualMethods.csproj", "{A37B6BC4-E6B0-454D-9D8A-DC2117A7735D}"
EndProject
Project("{9A19103F-16F7-4668-BE54-9A1E7A4F7556}") = "AbstractClasses", "AbstractClasses\AbstractClasses.csproj", "{6D01CFF0-D3D6-4BC5-B66B-5ADBB33F2C14}"
EndProject
Project("{9A19103F-16F7-4668-BE54-9A1E7A4F7556}") = "Project_Implementation", "project\Project_Implementation.csproj", "{9D49E698-D979-4329-9B84-A9DBF859AAC9}"
EndProject
Project("{9A19103F-16F7-4668-BE54-9A1E7A4F7556}") = "AccessModifiers", "AccessModifiers\AccessModifiers.csproj", "{C4C31597-658F-4E80-8932-32E15B91C5E5}"
EndProject
Project("{9A19103F-16F7-4668-BE54-9A1E7A4F7556}") = "AccessModifierTest", "AccessModifierTest\AccessModifierTest.csproj", "{722A33B6-8C66-4CC8-AA5A-31FD4A7A448B}"
EndProject
Project("{9A19103F-16F7-4668-BE54-9A1E7A4F7556}") = "Constructors", "Constructors\Constructors.csproj", "{155C799E-ED17-4BD7-8F54-82F77C2A4BA6}"
EndProject
Project("{9A19103F-16F7-4668-BE54-9A1E7A4F7556}") = "Constructor_Injection", "Constructor_Injection\Constructor_Injection.csproj", "{24C137B4-3E66-4FDD-B60C-C3AEFB84BBD1}"
EndProject
Project("{9A19103F-16F7-4668-BE54-9A1E7A4F7556}") = "BaseClasses", "BaseClasses\BaseClasses.csproj", "{3D88CE9F-ABA2-4604-B646-ED4A5F9ECF50}"
EndProject
Project("{9A19103F-16F7-4668-BE54-9A1E7A4F7556}") = "ReferenceAndValueType", "ReferenceAndValueType\ReferenceAndValueType.csproj", "{CB013FF4-EAC8-445B-9601-34CB37E4BF41}"
EndProject
Project("{9A19103F-16F7-4668-BE54-9A1E7A4F7556}") = "Collections", "Collections\Collections.csproj", "{80766357-7649-42CC-A1B6-A164340C3AED}"
EndProject
Project("{9A19103F-16F7-4668-BE54-9A1E7A4F7556}") = "TypeSafeCollection", "TypeSafeCollection\TypeSafeCollection.csproj", "{035C80FD-851F-47FE-AC1D-58385CE05302}"
EndProject
Project("{9A19103F-16F7-4668-BE54-9A1E7A4F7556}") = "CollectionMethods", "CollectionMethods\CollectionMethods.csproj", "{6C6AA704-B473-4972-9940-83FA9078C5B9}"
EndProject
Project("{9A19103F-16F7-4668-BE54-9A1E7A4F7556}") = "Dictionary", "Dictionary\Dictionary.csproj", "{AF94BA30-FE3E-497E-82F8-612BAFFC8107}"
EndProject
Project("{9A19103F-16F7-4668-BE54-9A1E7A4F7556}") = "Exceptions", "Exceptions\Exceptions.csproj", "{D7347BF4-B003-40A7-9F43-3893891407B0}"
EndProject
Project("{9A19103F-16F7-4668-BE54-9A1E7A4F7556}") = "Generics", "Generics\Generics.csproj", "{16C22D69-0E31-42D6-9B2C-9784DBB6CE97}"
EndProject
Project("{9A19103F-16F7-4668-BE54-9A1E7A4F7556}") = "Attributes", "Attributes\Attributes.csproj", "{58EDC2E1-5ABF-4517-8B89-4199A4B22087}"
EndProject
Project("{9A19103F-16F7-4668-BE54-9A1E7A4F7556}") = "Reflection", "Reflection\Reflection.csproj", "{794DC26A-7017-4B85-8CC3-31F9E366944E}"
EndProject
Project("{9A19103F-16F7-4668-BE54-9A1E7A4F7556}") = "Delegates", "Delegates\Delegates.csproj", "{1871A4B5-D8C3-450C-857F-01F4F4573F34}"
EndProject
Project("{FAE04EC0-301F-11D3-BF4B-00C04F79EFBC}") = "Func", "Func\Func.csproj", "{EA18893E-D500-4DFF-AD40-541C392BB9BA}"
EndProject
Project("{FAE04EC0-301F-11D3-BF4B-00C04F79EFBC}") = "Events", "Events\Events.csproj", "{91769174-F11C-4B2C-A34E-9D61E189256C}"
EndProject
Global
	GlobalSection(SolutionConfigurationPlatforms) = preSolution
		Debug|Any CPU = Debug|Any CPU
		Release|Any CPU = Release|Any CPU
	EndGlobalSection
	GlobalSection(ProjectConfigurationPlatforms) = postSolution
		{539E2474-7202-4A29-B6E2-685717A2BC58}.Debug|Any CPU.ActiveCfg = Debug|Any CPU
		{539E2474-7202-4A29-B6E2-685717A2BC58}.Debug|Any CPU.Build.0 = Debug|Any CPU
		{539E2474-7202-4A29-B6E2-685717A2BC58}.Release|Any CPU.ActiveCfg = Release|Any CPU
		{539E2474-7202-4A29-B6E2-685717A2BC58}.Release|Any CPU.Build.0 = Release|Any CPU
		{5E517E5E-DEBD-4390-BE9A-1E15633512A8}.Debug|Any CPU.ActiveCfg = Debug|Any CPU
		{5E517E5E-DEBD-4390-BE9A-1E15633512A8}.Debug|Any CPU.Build.0 = Debug|Any CPU
		{5E517E5E-DEBD-4390-BE9A-1E15633512A8}.Release|Any CPU.ActiveCfg = Release|Any CPU
		{5E517E5E-DEBD-4390-BE9A-1E15633512A8}.Release|Any CPU.Build.0 = Release|Any CPU
		{500A132E-2E3A-4243-B272-F87D60BE31D5}.Debug|Any CPU.ActiveCfg = Debug|Any CPU
		{500A132E-2E3A-4243-B272-F87D60BE31D5}.Debug|Any CPU.Build.0 = Debug|Any CPU
		{500A132E-2E3A-4243-B272-F87D60BE31D5}.Release|Any CPU.ActiveCfg = Release|Any CPU
		{500A132E-2E3A-4243-B272-F87D60BE31D5}.Release|Any CPU.Build.0 = Release|Any CPU
		{B23592FF-450A-466E-A4A2-0CF8032770DA}.Debug|Any CPU.ActiveCfg = Debug|Any CPU
		{B23592FF-450A-466E-A4A2-0CF8032770DA}.Debug|Any CPU.Build.0 = Debug|Any CPU
		{B23592FF-450A-466E-A4A2-0CF8032770DA}.Release|Any CPU.ActiveCfg = Release|Any CPU
		{B23592FF-450A-466E-A4A2-0CF8032770DA}.Release|Any CPU.Build.0 = Release|Any CPU
		{02C091B1-40EF-4373-A4C8-69D8CB29093C}.Debug|Any CPU.ActiveCfg = Debug|Any CPU
		{02C091B1-40EF-4373-A4C8-69D8CB29093C}.Debug|Any CPU.Build.0 = Debug|Any CPU
		{02C091B1-40EF-4373-A4C8-69D8CB29093C}.Release|Any CPU.ActiveCfg = Release|Any CPU
		{02C091B1-40EF-4373-A4C8-69D8CB29093C}.Release|Any CPU.Build.0 = Release|Any CPU
		{4C579ACC-2D66-485B-B0D1-5B2B0D99DB01}.Debug|Any CPU.ActiveCfg = Debug|Any CPU
		{4C579ACC-2D66-485B-B0D1-5B2B0D99DB01}.Debug|Any CPU.Build.0 = Debug|Any CPU
		{4C579ACC-2D66-485B-B0D1-5B2B0D99DB01}.Release|Any CPU.ActiveCfg = Release|Any CPU
		{4C579ACC-2D66-485B-B0D1-5B2B0D99DB01}.Release|Any CPU.Build.0 = Release|Any CPU
		{E885D05B-A372-40B6-8DDB-B720527F30FA}.Debug|Any CPU.ActiveCfg = Debug|Any CPU
		{E885D05B-A372-40B6-8DDB-B720527F30FA}.Debug|Any CPU.Build.0 = Debug|Any CPU
		{E885D05B-A372-40B6-8DDB-B720527F30FA}.Release|Any CPU.ActiveCfg = Release|Any CPU
		{E885D05B-A372-40B6-8DDB-B720527F30FA}.Release|Any CPU.Build.0 = Release|Any CPU
		{79A97909-D0AE-492C-9560-6E9380CCE932}.Debug|Any CPU.ActiveCfg = Debug|Any CPU
		{79A97909-D0AE-492C-9560-6E9380CCE932}.Debug|Any CPU.Build.0 = Debug|Any CPU
		{79A97909-D0AE-492C-9560-6E9380CCE932}.Release|Any CPU.ActiveCfg = Release|Any CPU
		{79A97909-D0AE-492C-9560-6E9380CCE932}.Release|Any CPU.Build.0 = Release|Any CPU
		{567C1EA4-CD24-4DE4-BC54-001471444A00}.Debug|Any CPU.ActiveCfg = Debug|Any CPU
		{567C1EA4-CD24-4DE4-BC54-001471444A00}.Debug|Any CPU.Build.0 = Debug|Any CPU
		{567C1EA4-CD24-4DE4-BC54-001471444A00}.Release|Any CPU.ActiveCfg = Release|Any CPU
		{567C1EA4-CD24-4DE4-BC54-001471444A00}.Release|Any CPU.Build.0 = Release|Any CPU
		{D4B72527-6F5D-4E74-9357-04FB71AEE081}.Debug|Any CPU.ActiveCfg = Debug|Any CPU
		{D4B72527-6F5D-4E74-9357-04FB71AEE081}.Debug|Any CPU.Build.0 = Debug|Any CPU
		{D4B72527-6F5D-4E74-9357-04FB71AEE081}.Release|Any CPU.ActiveCfg = Release|Any CPU
		{D4B72527-6F5D-4E74-9357-04FB71AEE081}.Release|Any CPU.Build.0 = Release|Any CPU
		{B12F7A34-06C0-4590-8489-33DB85A01F5C}.Debug|Any CPU.ActiveCfg = Debug|Any CPU
		{B12F7A34-06C0-4590-8489-33DB85A01F5C}.Debug|Any CPU.Build.0 = Debug|Any CPU
		{B12F7A34-06C0-4590-8489-33DB85A01F5C}.Release|Any CPU.ActiveCfg = Release|Any CPU
		{B12F7A34-06C0-4590-8489-33DB85A01F5C}.Release|Any CPU.Build.0 = Release|Any CPU
		{FEC33B7D-38F9-4255-8764-2D16B1EEE7B4}.Debug|Any CPU.ActiveCfg = Debug|Any CPU
		{FEC33B7D-38F9-4255-8764-2D16B1EEE7B4}.Debug|Any CPU.Build.0 = Debug|Any CPU
		{FEC33B7D-38F9-4255-8764-2D16B1EEE7B4}.Release|Any CPU.ActiveCfg = Release|Any CPU
		{FEC33B7D-38F9-4255-8764-2D16B1EEE7B4}.Release|Any CPU.Build.0 = Release|Any CPU
		{5C1A26BC-A1D5-45EB-8FAF-30E5007F85C1}.Debug|Any CPU.ActiveCfg = Debug|Any CPU
		{5C1A26BC-A1D5-45EB-8FAF-30E5007F85C1}.Debug|Any CPU.Build.0 = Debug|Any CPU
		{5C1A26BC-A1D5-45EB-8FAF-30E5007F85C1}.Release|Any CPU.ActiveCfg = Release|Any CPU
		{5C1A26BC-A1D5-45EB-8FAF-30E5007F85C1}.Release|Any CPU.Build.0 = Release|Any CPU
		{1DD93695-0ECE-4FE7-8E39-B67190A9E5BE}.Debug|Any CPU.ActiveCfg = Debug|Any CPU
		{1DD93695-0ECE-4FE7-8E39-B67190A9E5BE}.Debug|Any CPU.Build.0 = Debug|Any CPU
		{1DD93695-0ECE-4FE7-8E39-B67190A9E5BE}.Release|Any CPU.ActiveCfg = Release|Any CPU
		{1DD93695-0ECE-4FE7-8E39-B67190A9E5BE}.Release|Any CPU.Build.0 = Release|Any CPU
		{CF10C0F8-CBCD-4A0D-9B08-F24794C6400F}.Debug|Any CPU.ActiveCfg = Debug|Any CPU
		{CF10C0F8-CBCD-4A0D-9B08-F24794C6400F}.Debug|Any CPU.Build.0 = Debug|Any CPU
		{CF10C0F8-CBCD-4A0D-9B08-F24794C6400F}.Release|Any CPU.ActiveCfg = Release|Any CPU
		{CF10C0F8-CBCD-4A0D-9B08-F24794C6400F}.Release|Any CPU.Build.0 = Release|Any CPU
		{1A5E1804-6524-4B0C-BC63-C4157120ACA2}.Debug|Any CPU.ActiveCfg = Debug|Any CPU
		{1A5E1804-6524-4B0C-BC63-C4157120ACA2}.Debug|Any CPU.Build.0 = Debug|Any CPU
		{1A5E1804-6524-4B0C-BC63-C4157120ACA2}.Release|Any CPU.ActiveCfg = Release|Any CPU
		{1A5E1804-6524-4B0C-BC63-C4157120ACA2}.Release|Any CPU.Build.0 = Release|Any CPU
		{D7DCD13C-A2ED-43DC-8207-9AD799DEC407}.Debug|Any CPU.ActiveCfg = Debug|Any CPU
		{D7DCD13C-A2ED-43DC-8207-9AD799DEC407}.Debug|Any CPU.Build.0 = Debug|Any CPU
		{D7DCD13C-A2ED-43DC-8207-9AD799DEC407}.Release|Any CPU.ActiveCfg = Release|Any CPU
		{D7DCD13C-A2ED-43DC-8207-9AD799DEC407}.Release|Any CPU.Build.0 = Release|Any CPU
		{A37B6BC4-E6B0-454D-9D8A-DC2117A7735D}.Debug|Any CPU.ActiveCfg = Debug|Any CPU
		{A37B6BC4-E6B0-454D-9D8A-DC2117A7735D}.Debug|Any CPU.Build.0 = Debug|Any CPU
		{A37B6BC4-E6B0-454D-9D8A-DC2117A7735D}.Release|Any CPU.ActiveCfg = Release|Any CPU
		{A37B6BC4-E6B0-454D-9D8A-DC2117A7735D}.Release|Any CPU.Build.0 = Release|Any CPU
		{6D01CFF0-D3D6-4BC5-B66B-5ADBB33F2C14}.Debug|Any CPU.ActiveCfg = Debug|Any CPU
		{6D01CFF0-D3D6-4BC5-B66B-5ADBB33F2C14}.Debug|Any CPU.Build.0 = Debug|Any CPU
		{6D01CFF0-D3D6-4BC5-B66B-5ADBB33F2C14}.Release|Any CPU.ActiveCfg = Release|Any CPU
		{6D01CFF0-D3D6-4BC5-B66B-5ADBB33F2C14}.Release|Any CPU.Build.0 = Release|Any CPU
		{9D49E698-D979-4329-9B84-A9DBF859AAC9}.Debug|Any CPU.ActiveCfg = Debug|Any CPU
		{9D49E698-D979-4329-9B84-A9DBF859AAC9}.Debug|Any CPU.Build.0 = Debug|Any CPU
		{9D49E698-D979-4329-9B84-A9DBF859AAC9}.Release|Any CPU.ActiveCfg = Release|Any CPU
		{9D49E698-D979-4329-9B84-A9DBF859AAC9}.Release|Any CPU.Build.0 = Release|Any CPU
		{C4C31597-658F-4E80-8932-32E15B91C5E5}.Debug|Any CPU.ActiveCfg = Debug|Any CPU
		{C4C31597-658F-4E80-8932-32E15B91C5E5}.Debug|Any CPU.Build.0 = Debug|Any CPU
		{C4C31597-658F-4E80-8932-32E15B91C5E5}.Release|Any CPU.ActiveCfg = Release|Any CPU
		{C4C31597-658F-4E80-8932-32E15B91C5E5}.Release|Any CPU.Build.0 = Release|Any CPU
		{722A33B6-8C66-4CC8-AA5A-31FD4A7A448B}.Debug|Any CPU.ActiveCfg = Debug|Any CPU
		{722A33B6-8C66-4CC8-AA5A-31FD4A7A448B}.Debug|Any CPU.Build.0 = Debug|Any CPU
		{722A33B6-8C66-4CC8-AA5A-31FD4A7A448B}.Release|Any CPU.ActiveCfg = Release|Any CPU
		{722A33B6-8C66-4CC8-AA5A-31FD4A7A448B}.Release|Any CPU.Build.0 = Release|Any CPU
		{155C799E-ED17-4BD7-8F54-82F77C2A4BA6}.Debug|Any CPU.ActiveCfg = Debug|Any CPU
		{155C799E-ED17-4BD7-8F54-82F77C2A4BA6}.Debug|Any CPU.Build.0 = Debug|Any CPU
		{155C799E-ED17-4BD7-8F54-82F77C2A4BA6}.Release|Any CPU.ActiveCfg = Release|Any CPU
		{155C799E-ED17-4BD7-8F54-82F77C2A4BA6}.Release|Any CPU.Build.0 = Release|Any CPU
		{24C137B4-3E66-4FDD-B60C-C3AEFB84BBD1}.Debug|Any CPU.ActiveCfg = Debug|Any CPU
		{24C137B4-3E66-4FDD-B60C-C3AEFB84BBD1}.Debug|Any CPU.Build.0 = Debug|Any CPU
		{24C137B4-3E66-4FDD-B60C-C3AEFB84BBD1}.Release|Any CPU.ActiveCfg = Release|Any CPU
		{24C137B4-3E66-4FDD-B60C-C3AEFB84BBD1}.Release|Any CPU.Build.0 = Release|Any CPU
		{3D88CE9F-ABA2-4604-B646-ED4A5F9ECF50}.Debug|Any CPU.ActiveCfg = Debug|Any CPU
		{3D88CE9F-ABA2-4604-B646-ED4A5F9ECF50}.Debug|Any CPU.Build.0 = Debug|Any CPU
		{3D88CE9F-ABA2-4604-B646-ED4A5F9ECF50}.Release|Any CPU.ActiveCfg = Release|Any CPU
		{3D88CE9F-ABA2-4604-B646-ED4A5F9ECF50}.Release|Any CPU.Build.0 = Release|Any CPU
		{CB013FF4-EAC8-445B-9601-34CB37E4BF41}.Debug|Any CPU.ActiveCfg = Debug|Any CPU
		{CB013FF4-EAC8-445B-9601-34CB37E4BF41}.Debug|Any CPU.Build.0 = Debug|Any CPU
		{CB013FF4-EAC8-445B-9601-34CB37E4BF41}.Release|Any CPU.ActiveCfg = Release|Any CPU
		{CB013FF4-EAC8-445B-9601-34CB37E4BF41}.Release|Any CPU.Build.0 = Release|Any CPU
		{80766357-7649-42CC-A1B6-A164340C3AED}.Debug|Any CPU.ActiveCfg = Debug|Any CPU
		{80766357-7649-42CC-A1B6-A164340C3AED}.Debug|Any CPU.Build.0 = Debug|Any CPU
		{80766357-7649-42CC-A1B6-A164340C3AED}.Release|Any CPU.ActiveCfg = Release|Any CPU
		{80766357-7649-42CC-A1B6-A164340C3AED}.Release|Any CPU.Build.0 = Release|Any CPU
		{035C80FD-851F-47FE-AC1D-58385CE05302}.Debug|Any CPU.ActiveCfg = Debug|Any CPU
		{035C80FD-851F-47FE-AC1D-58385CE05302}.Debug|Any CPU.Build.0 = Debug|Any CPU
		{035C80FD-851F-47FE-AC1D-58385CE05302}.Release|Any CPU.ActiveCfg = Release|Any CPU
		{035C80FD-851F-47FE-AC1D-58385CE05302}.Release|Any CPU.Build.0 = Release|Any CPU
		{6C6AA704-B473-4972-9940-83FA9078C5B9}.Debug|Any CPU.ActiveCfg = Debug|Any CPU
		{6C6AA704-B473-4972-9940-83FA9078C5B9}.Debug|Any CPU.Build.0 = Debug|Any CPU
		{6C6AA704-B473-4972-9940-83FA9078C5B9}.Release|Any CPU.ActiveCfg = Release|Any CPU
		{6C6AA704-B473-4972-9940-83FA9078C5B9}.Release|Any CPU.Build.0 = Release|Any CPU
		{AF94BA30-FE3E-497E-82F8-612BAFFC8107}.Debug|Any CPU.ActiveCfg = Debug|Any CPU
		{AF94BA30-FE3E-497E-82F8-612BAFFC8107}.Debug|Any CPU.Build.0 = Debug|Any CPU
		{AF94BA30-FE3E-497E-82F8-612BAFFC8107}.Release|Any CPU.ActiveCfg = Release|Any CPU
		{AF94BA30-FE3E-497E-82F8-612BAFFC8107}.Release|Any CPU.Build.0 = Release|Any CPU
		{D7347BF4-B003-40A7-9F43-3893891407B0}.Debug|Any CPU.ActiveCfg = Debug|Any CPU
		{D7347BF4-B003-40A7-9F43-3893891407B0}.Debug|Any CPU.Build.0 = Debug|Any CPU
		{D7347BF4-B003-40A7-9F43-3893891407B0}.Release|Any CPU.ActiveCfg = Release|Any CPU
		{D7347BF4-B003-40A7-9F43-3893891407B0}.Release|Any CPU.Build.0 = Release|Any CPU
		{16C22D69-0E31-42D6-9B2C-9784DBB6CE97}.Debug|Any CPU.ActiveCfg = Debug|Any CPU
		{16C22D69-0E31-42D6-9B2C-9784DBB6CE97}.Debug|Any CPU.Build.0 = Debug|Any CPU
		{16C22D69-0E31-42D6-9B2C-9784DBB6CE97}.Release|Any CPU.ActiveCfg = Release|Any CPU
		{16C22D69-0E31-42D6-9B2C-9784DBB6CE97}.Release|Any CPU.Build.0 = Release|Any CPU
		{58EDC2E1-5ABF-4517-8B89-4199A4B22087}.Debug|Any CPU.ActiveCfg = Debug|Any CPU
		{58EDC2E1-5ABF-4517-8B89-4199A4B22087}.Debug|Any CPU.Build.0 = Debug|Any CPU
		{58EDC2E1-5ABF-4517-8B89-4199A4B22087}.Release|Any CPU.ActiveCfg = Release|Any CPU
		{58EDC2E1-5ABF-4517-8B89-4199A4B22087}.Release|Any CPU.Build.0 = Release|Any CPU
		{794DC26A-7017-4B85-8CC3-31F9E366944E}.Debug|Any CPU.ActiveCfg = Debug|Any CPU
		{794DC26A-7017-4B85-8CC3-31F9E366944E}.Debug|Any CPU.Build.0 = Debug|Any CPU
		{794DC26A-7017-4B85-8CC3-31F9E366944E}.Release|Any CPU.ActiveCfg = Release|Any CPU
		{794DC26A-7017-4B85-8CC3-31F9E366944E}.Release|Any CPU.Build.0 = Release|Any CPU
		{1871A4B5-D8C3-450C-857F-01F4F4573F34}.Debug|Any CPU.ActiveCfg = Debug|Any CPU
		{1871A4B5-D8C3-450C-857F-01F4F4573F34}.Debug|Any CPU.Build.0 = Debug|Any CPU
		{1871A4B5-D8C3-450C-857F-01F4F4573F34}.Release|Any CPU.ActiveCfg = Release|Any CPU
		{1871A4B5-D8C3-450C-857F-01F4F4573F34}.Release|Any CPU.Build.0 = Release|Any CPU
		{EA18893E-D500-4DFF-AD40-541C392BB9BA}.Debug|Any CPU.ActiveCfg = Debug|Any CPU
		{EA18893E-D500-4DFF-AD40-541C392BB9BA}.Debug|Any CPU.Build.0 = Debug|Any CPU
		{EA18893E-D500-4DFF-AD40-541C392BB9BA}.Release|Any CPU.ActiveCfg = Release|Any CPU
		{EA18893E-D500-4DFF-AD40-541C392BB9BA}.Release|Any CPU.Build.0 = Release|Any CPU
		{91769174-F11C-4B2C-A34E-9D61E189256C}.Debug|Any CPU.ActiveCfg = Debug|Any CPU
		{91769174-F11C-4B2C-A34E-9D61E189256C}.Debug|Any CPU.Build.0 = Debug|Any CPU
		{91769174-F11C-4B2C-A34E-9D61E189256C}.Release|Any CPU.ActiveCfg = Release|Any CPU
		{91769174-F11C-4B2C-A34E-9D61E189256C}.Release|Any CPU.Build.0 = Release|Any CPU
	EndGlobalSection
	GlobalSection(SolutionProperties) = preSolution
		HideSolutionNode = FALSE
	EndGlobalSection
	GlobalSection(ExtensibilityGlobals) = postSolution
		SolutionGuid = {F4FF4FEA-473F-4BB7-A367-245EAB50B419}
	EndGlobalSection
EndGlobal
