
Microsoft Visual Studio Solution File, Format Version 12.00
# Visual Studio Version 17
VisualStudioVersion = 17.2.32516.85
MinimumVisualStudioVersion = 10.0.40219.1
Project("{9A19103F-16F7-4668-BE54-9A1E7A4F7556}") = "SingleLineIf", "SingleLineİf\SingleLineIf.csproj", "{539E2474-7202-4A29-B6E2-685717A2BC58}"
EndProject
Project("{FAE04EC0-301F-11D3-BF4B-00C04F79EFBC}") = "SwitchCase", "SwitchCase\SwitchCase.csproj", "{5E517E5E-DEBD-4390-BE9A-1E15633512A8}"
EndProject
Global
	GlobalSection(SolutionConfigurationPlatforms) = preSolution
		Debug|Any CPU = Debug|Any CPU
		Release|Any CPU = Release|Any CPU
	EndGlobalSection
	GlobalSection(ProjectConfigurationPlatforms) = postSolution
		{539E2474-7202-4A29-B6E2-685717A2BC58}.Debug|Any CPU.ActiveCfg = Debug|Any CPU
		{539E2474-7202-4A29-B6E2-685717A2BC58}.Debug|Any CPU.Build.0 = Debug|Any CPU
		{539E2474-7202-4A29-B6E2-685717A2BC58}.Release|Any CPU.ActiveCfg = Release|Any CPU
		{539E2474-7202-4A29-B6E2-685717A2BC58}.Release|Any CPU.Build.0 = Release|Any CPU
		{5E517E5E-DEBD-4390-BE9A-1E15633512A8}.Debug|Any CPU.ActiveCfg = Debug|Any CPU
		{5E517E5E-DEBD-4390-BE9A-1E15633512A8}.Debug|Any CPU.Build.0 = Debug|Any CPU
		{5E517E5E-DEBD-4390-BE9A-1E15633512A8}.Release|Any CPU.ActiveCfg = Release|Any CPU
		{5E517E5E-DEBD-4390-BE9A-1E15633512A8}.Release|Any CPU.Build.0 = Release|Any CPU
	EndGlobalSection
	GlobalSection(SolutionProperties) = preSolution
		HideSolutionNode = FALSE
	EndGlobalSection
	GlobalSection(ExtensibilityGlobals) = postSolution
		SolutionGuid = {F4FF4FEA-473F-4BB7-A367-245EAB50B419}
	EndGlobalSection
EndGlobal
